
Microsoft Visual Studio Solution File, Format Version 12.00
# Visual Studio Version 16
VisualStudioVersion = 16.0.31229.75
MinimumVisualStudioVersion = 10.0.40219.1
Project("{FAE04EC0-301F-11D3-BF4B-00C04F79EFBC}") = "global-kinetics-api", "global-kinetics-api\global-kinetics-api.csproj", "{4EB85758-2CF3-40B4-9697-9DC7C4C33FFC}"
EndProject
Project("{FAE04EC0-301F-11D3-BF4B-00C04F79EFBC}") = "global-kinetics-application", "global-kinetics-application\global-kinetics-application.csproj", "{FA69DE14-4EC1-4C19-9E74-174462928638}"
EndProject
Project("{FAE04EC0-301F-11D3-BF4B-00C04F79EFBC}") = "global-kinetics-domain", "global-kinetics-domain\global-kinetics-domain.csproj", "{A12F182C-9115-48D9-9D88-B86E3D8EB2E0}"
EndProject
Project("{FAE04EC0-301F-11D3-BF4B-00C04F79EFBC}") = "global-kinetic-persistence", "global-kinetic-persistence\global-kinetic-persistence.csproj", "{B249A4C7-C204-43AE-87C6-48575F629EAC}"
EndProject
Global
	GlobalSection(SolutionConfigurationPlatforms) = preSolution
		Debug|Any CPU = Debug|Any CPU
		Release|Any CPU = Release|Any CPU
	EndGlobalSection
	GlobalSection(ProjectConfigurationPlatforms) = postSolution
		{4EB85758-2CF3-40B4-9697-9DC7C4C33FFC}.Debug|Any CPU.ActiveCfg = Debug|Any CPU
		{4EB85758-2CF3-40B4-9697-9DC7C4C33FFC}.Debug|Any CPU.Build.0 = Debug|Any CPU
		{4EB85758-2CF3-40B4-9697-9DC7C4C33FFC}.Release|Any CPU.ActiveCfg = Release|Any CPU
		{4EB85758-2CF3-40B4-9697-9DC7C4C33FFC}.Release|Any CPU.Build.0 = Release|Any CPU
		{FA69DE14-4EC1-4C19-9E74-174462928638}.Debug|Any CPU.ActiveCfg = Debug|Any CPU
		{FA69DE14-4EC1-4C19-9E74-174462928638}.Debug|Any CPU.Build.0 = Debug|Any CPU
		{FA69DE14-4EC1-4C19-9E74-174462928638}.Release|Any CPU.ActiveCfg = Release|Any CPU
		{FA69DE14-4EC1-4C19-9E74-174462928638}.Release|Any CPU.Build.0 = Release|Any CPU
		{A12F182C-9115-48D9-9D88-B86E3D8EB2E0}.Debug|Any CPU.ActiveCfg = Debug|Any CPU
		{A12F182C-9115-48D9-9D88-B86E3D8EB2E0}.Debug|Any CPU.Build.0 = Debug|Any CPU
		{A12F182C-9115-48D9-9D88-B86E3D8EB2E0}.Release|Any CPU.ActiveCfg = Release|Any CPU
		{A12F182C-9115-48D9-9D88-B86E3D8EB2E0}.Release|Any CPU.Build.0 = Release|Any CPU
		{B249A4C7-C204-43AE-87C6-48575F629EAC}.Debug|Any CPU.ActiveCfg = Debug|Any CPU
		{B249A4C7-C204-43AE-87C6-48575F629EAC}.Debug|Any CPU.Build.0 = Debug|Any CPU
		{B249A4C7-C204-43AE-87C6-48575F629EAC}.Release|Any CPU.ActiveCfg = Release|Any CPU
		{B249A4C7-C204-43AE-87C6-48575F629EAC}.Release|Any CPU.Build.0 = Release|Any CPU
	EndGlobalSection
	GlobalSection(SolutionProperties) = preSolution
		HideSolutionNode = FALSE
	EndGlobalSection
	GlobalSection(ExtensibilityGlobals) = postSolution
		SolutionGuid = {11F1A9D6-31EF-423E-B1CF-F54B31FBED4E}
	EndGlobalSection
EndGlobal
